<Solution>
  <Project Path="Sulthan.Core/Sulthan.Core.csproj" Id="cac288fb-db55-4ac5-99ec-3babf13b5793" />
  <Project Path="Sulthan.Infrastructure/Sulthan.Infrastructure.csproj" Id="86757401-56d5-40f0-b3b1-ea6b31cd0727" />
  <Project Path="Sulthan.Shared/Sulthan.Shared.csproj" Id="0e2f2da5-fa50-4c96-b3e0-9ea78d227ced" />
  <Project Path="Sulthan.Tools/Sulthan.Tools.csproj" Id="a888a5ab-cee1-4b29-814d-00d59b3bb4d4" />
  <Project Path="SulthanERP.Api/SulthanERP.Api.csproj" Id="c6ad09cf-8c06-4632-baff-3c2493f1726e" />
</Solution>
